{
    "_readme": [
        "This file locks the dependencies of your project to a known state",
        "Read more about it at https://getcomposer.org/doc/01-basic-usage.md#installing-dependencies",
        "This file is @generated automatically"
    ],
    "content-hash": "37bf6ee59d309102fe85f2d3d7933e78",
    "packages": [
        {
            "name": "phpmailer/phpmailer",
            "version": "v6.9.1",
            "source": {
                "type": "git",
                "url": "https://github.com/PHPMailer/PHPMailer.git",
                "reference": "039de174cd9c17a8389754d3b877a2ed22743e18"
            },
            "dist": {
                "type": "zip",
                "url": "https://api.github.com/repos/PHPMailer/PHPMailer/zipball/039de174cd9c17a8389754d3b877a2ed22743e18",
                "reference": "039de174cd9c17a8389754d3b877a2ed22743e18",
                "shasum": ""
            },
            "require": {
                "ext-ctype": "*",
                "ext-filter": "*",
                "ext-hash": "*",
                "php": ">=5.5.0"
            },
            "require-dev": {
                "dealerdirect/phpcodesniffer-composer-installer": "^1.0",
                "doctrine/annotations": "^1.2.6 || ^1.13.3",
                "php-parallel-lint/php-console-highlighter": "^1.0.0",
                "php-parallel-lint/php-parallel-lint": "^1.3.2",
                "phpcompatibility/php-compatibility": "^9.3.5",
                "roave/security-advisories": "dev-latest",
                "squizlabs/php_codesniffer": "^3.7.2",
                "yoast/phpunit-polyfills": "^1.0.4"
            },
            "suggest": {
                "decomplexity/SendOauth2": "Adapter for using XOAUTH2 authentication",
                "ext-mbstring": "Needed to send email in multibyte encoding charset or decode encoded addresses",
                "ext-openssl": "Needed for secure SMTP sending and DKIM signing",
                "greew/oauth2-azure-provider": "Needed for Microsoft Azure XOAUTH2 authentication",
                "hayageek/oauth2-yahoo": "Needed for Yahoo XOAUTH2 authentication",
                "league/oauth2-google": "Needed for Google XOAUTH2 authentication",
                "psr/log": "For optional PSR-3 debug logging",
                "symfony/polyfill-mbstring": "To support UTF-8 if the Mbstring PHP extension is not enabled (^1.2)",
                "thenetworg/oauth2-azure": "Needed for Microsoft XOAUTH2 authentication"
            },
            "type": "library",
            "autoload": {
                "psr-4": {
                    "PHPMailer\\PHPMailer\\": "src/"
                }
            },
            "notification-url": "https://packagist.org/downloads/",
            "license": [
                "LGPL-2.1-only"
            ],
            "authors": [
                {
                    "name": "Marcus Bointon",
                    "email": "phpmailer@synchromedia.co.uk"
                },
                {
                    "name": "Jim Jagielski",
                    "email": "jimjag@gmail.com"
                },
                {
                    "name": "Andy Prevost",
                    "email": "codeworxtech@users.sourceforge.net"
                },
                {
                    "name": "Brent R. Matzelle"
                }
            ],
            "description": "PHPMailer is a full-featured email creation and transfer class for PHP",
            "support": {
                "issues": "https://github.com/PHPMailer/PHPMailer/issues",
                "source": "https://github.com/PHPMailer/PHPMailer/tree/v6.9.1"
            },
            "funding": [
                {
                    "url": "https://github.com/Synchro",
                    "type": "github"
                }
            ],
            "time": "2023-11-25T22:23:28+00:00"
        },
        {
            "name": "primakurzy/responsivefilemanager",
            "version": "v3.0",
            "source": {
                "type": "git",
                "url": "https://github.com/PrimaKurzy-cz/responsivefilemanager.git",
                "reference": "74f6c66bd75e2738d81e2c18ffcbb140fcdaa364"
            },
            "dist": {
                "type": "zip",
                "url": "https://api.github.com/repos/PrimaKurzy-cz/responsivefilemanager/zipball/74f6c66bd75e2738d81e2c18ffcbb140fcdaa364",
                "reference": "74f6c66bd75e2738d81e2c18ffcbb140fcdaa364",
                "shasum": ""
            },
            "type": "library",
            "notification-url": "https://packagist.org/downloads/",
            "license": [
                "MIT"
            ],
            "authors": [
                {
                    "name": "Josef Kyrian / PrimaKurzy.cz",
                    "email": "josef.kyrian@primakurzy.cz"
                }
            ],
            "description": "Responsive FileManager for TinyMCE and CKEditor (For Educational Purposes Only)",
            "support": {
                "issues": "https://github.com/PrimaKurzy-cz/responsivefilemanager/issues",
                "source": "https://github.com/PrimaKurzy-cz/responsivefilemanager/tree/v3.0"
            },
            "time": "2024-03-07T08:01:33+00:00"
        },
        {
            "name": "primakurzy/shortcode",
            "version": "v1.0",
            "source": {
                "type": "git",
                "url": "https://github.com/PrimaKurzy-cz/shortcode.git",
                "reference": "0148ffb2448366b3871d6930b5c308220200fd1e"
            },
            "dist": {
                "type": "zip",
                "url": "https://api.github.com/repos/PrimaKurzy-cz/shortcode/zipball/0148ffb2448366b3871d6930b5c308220200fd1e",
                "reference": "0148ffb2448366b3871d6930b5c308220200fd1e",
                "shasum": ""
            },
            "require": {
                "thunderer/shortcode": ">=0.7"
            },
            "type": "library",
            "autoload": {
                "psr-4": {
                    "primakurzy\\Shortcode\\": "src/"
                }
            },
            "notification-url": "https://packagist.org/downloads/",
            "license": [
                "MIT"
            ],
            "authors": [
                {
                    "name": "Josef Kyrian / PrimaKurzy.cz",
                    "email": "josef.kyrian@primakurzy.cz"
                }
            ],
            "description": "For Educational Purposes Only",
            "support": {
                "issues": "https://github.com/PrimaKurzy-cz/shortcode/issues",
                "source": "https://github.com/PrimaKurzy-cz/shortcode/tree/v1.0"
            },
            "time": "2022-06-01T07:32:42+00:00"
        },
        {
            "name": "thunderer/shortcode",
            "version": "v0.7.5",
            "source": {
                "type": "git",
                "url": "https://github.com/thunderer/Shortcode.git",
                "reference": "a4fee30613bd46efb421f8305aff0466a3268a99"
            },
            "dist": {
                "type": "zip",
                "url": "https://api.github.com/repos/thunderer/Shortcode/zipball/a4fee30613bd46efb421f8305aff0466a3268a99",
                "reference": "a4fee30613bd46efb421f8305aff0466a3268a99",
                "shasum": ""
            },
            "require": {
                "php": ">=5.3"
            },
            "require-dev": {
                "phpunit/phpunit": ">=4.1",
                "symfony/yaml": ">=2.0"
            },
            "suggest": {
                "ext-dom": "if you want to use XML serializer",
                "ext-json": "if you want to use JSON serializer",
                "symfony/yaml": "if you want to use YAML serializer"
            },
            "type": "library",
            "autoload": {
                "psr-4": {
                    "Thunder\\Shortcode\\": "src/"
                }
            },
            "notification-url": "https://packagist.org/downloads/",
            "license": [
                "MIT"
            ],
            "authors": [
                {
                    "name": "Tomasz Kowalczyk",
                    "email": "tomasz@kowalczyk.cc"
                }
            ],
            "description": "Advanced shortcode (BBCode) parser and engine for PHP",
            "keywords": [
                "bbcode",
                "engine",
                "library",
                "parser",
                "shortcode"
            ],
            "support": {
                "issues": "https://github.com/thunderer/Shortcode/issues",
                "source": "https://github.com/thunderer/Shortcode/tree/v0.7.5"
            },
            "time": "2022-01-13T18:53:33+00:00"
        },
        {
            "name": "tinymce/tinymce",
            "version": "5.10.9",
            "source": {
                "type": "git",
                "url": "https://github.com/tinymce/tinymce-dist.git",
                "reference": "e5650a256f8941a0593ec0b9d3c435f20f1d4245"
            },
            "dist": {
                "type": "zip",
                "url": "https://api.github.com/repos/tinymce/tinymce-dist/zipball/e5650a256f8941a0593ec0b9d3c435f20f1d4245",
                "reference": "e5650a256f8941a0593ec0b9d3c435f20f1d4245",
                "shasum": ""
            },
            "type": "component",
            "extra": {
                "component": {
                    "scripts": [
                        "tinymce.js",
                        "plugins/*/plugin.js",
                        "themes/*/theme.js",
                        "themes/*/icons.js"
                    ],
                    "files": [
                        "tinymce.min.js",
                        "plugins/*/plugin.min.js",
                        "themes/*/theme.min.js",
                        "skins/**",
                        "icons/*/icons.min.js"
                    ]
                }
            },
            "notification-url": "https://packagist.org/downloads/",
            "license": [
                "LGPL-2.1-only"
            ],
            "description": "Web based JavaScript HTML WYSIWYG editor control.",
            "homepage": "https://www.tiny.cloud/",
            "keywords": [
                "contenteditable",
                "editing",
                "html",
                "javascript",
                "rich editor",
                "rich text",
                "rich text editor",
                "richtext",
                "rte",
                "text",
                "tinymce",
                "wysiwyg"
            ],
            "support": {
                "source": "https://github.com/tinymce/tinymce-dist/tree/5.10.9"
            },
            "time": "2023-11-15T00:42:08+00:00"
        },
        {
            "name": "tweeb/tinymce-i18n",
            "version": "2.0.4",
            "source": {
                "type": "git",
                "url": "https://github.com/tweeb/tinymce-i18n.git",
                "reference": "058da08d6e61dc4e0279de6509bb6969a62f68e5"
            },
            "dist": {
                "type": "zip",
                "url": "https://api.github.com/repos/tweeb/tinymce-i18n/zipball/058da08d6e61dc4e0279de6509bb6969a62f68e5",
                "reference": "058da08d6e61dc4e0279de6509bb6969a62f68e5",
                "shasum": ""
            },
            "type": "library",
            "notification-url": "https://packagist.org/downloads/",
            "license": [
                "MIT"
            ],
            "authors": [
                {
                    "name": "TinyMCE Community"
                }
            ],
            "description": "Languages for TinyMCE 6",
            "homepage": "https://github.com/tweeb/tinymce-i18n",
            "keywords": [
                "i18n",
                "languages",
                "tinymce"
            ],
            "support": {
                "source": "https://github.com/tweeb/tinymce-i18n/tree/2.0.4"
            },
            "time": "2022-04-12T13:16:56+00:00"
        }
    ],
    "packages-dev": [],
    "aliases": [],
    "minimum-stability": "stable",
    "stability-flags": [],
    "prefer-stable": false,
    "prefer-lowest": false,
    "platform": [],
    "platform-dev": [],
    "plugin-api-version": "2.6.0"
}
